
Microsoft Visual Studio Solution File, Format Version 12.00
# Visual Studio Version 17
VisualStudioVersion = 17.12.35707.178
MinimumVisualStudioVersion = 10.0.40219.1
Project("{FAE04EC0-301F-11D3-BF4B-00C04F79EFBC}") = "CapaPresentacionAdmin", "CapaPresentacionAdmin\CapaPresentacionAdmin.csproj", "{F29D3663-F677-446F-8621-DDCE2BD1BEEB}"
EndProject
Project("{FAE04EC0-301F-11D3-BF4B-00C04F79EFBC}") = "CapaPresentacionTienda", "CapaPresentacionTienda\CapaPresentacionTienda.csproj", "{CCBB1F11-9890-426F-AF4C-0ADC16602A0E}"
EndProject
Project("{FAE04EC0-301F-11D3-BF4B-00C04F79EFBC}") = "CapaDatos", "CapaDatos\CapaDatos.csproj", "{BE7F23B1-8460-4B89-83CE-386C72C37A1E}"
EndProject
Project("{FAE04EC0-301F-11D3-BF4B-00C04F79EFBC}") = "CapaNegocio", "CapaNegocio\CapaNegocio.csproj", "{F8A03204-69D6-4575-A232-96EBC0A2F448}"
EndProject
Project("{FAE04EC0-301F-11D3-BF4B-00C04F79EFBC}") = "CapaEntidad", "CapaEntidad\CapaEntidad.csproj", "{1015B951-50FF-4659-BB63-99C8DB40BA97}"
EndProject
Global
	GlobalSection(SolutionConfigurationPlatforms) = preSolution
		Debug|Any CPU = Debug|Any CPU
		Release|Any CPU = Release|Any CPU
	EndGlobalSection
	GlobalSection(ProjectConfigurationPlatforms) = postSolution
		{F29D3663-F677-446F-8621-DDCE2BD1BEEB}.Debug|Any CPU.ActiveCfg = Debug|Any CPU
		{F29D3663-F677-446F-8621-DDCE2BD1BEEB}.Debug|Any CPU.Build.0 = Debug|Any CPU
		{F29D3663-F677-446F-8621-DDCE2BD1BEEB}.Release|Any CPU.ActiveCfg = Release|Any CPU
		{F29D3663-F677-446F-8621-DDCE2BD1BEEB}.Release|Any CPU.Build.0 = Release|Any CPU
		{CCBB1F11-9890-426F-AF4C-0ADC16602A0E}.Debug|Any CPU.ActiveCfg = Debug|Any CPU
		{CCBB1F11-9890-426F-AF4C-0ADC16602A0E}.Debug|Any CPU.Build.0 = Debug|Any CPU
		{CCBB1F11-9890-426F-AF4C-0ADC16602A0E}.Release|Any CPU.ActiveCfg = Release|Any CPU
		{CCBB1F11-9890-426F-AF4C-0ADC16602A0E}.Release|Any CPU.Build.0 = Release|Any CPU
		{BE7F23B1-8460-4B89-83CE-386C72C37A1E}.Debug|Any CPU.ActiveCfg = Debug|Any CPU
		{BE7F23B1-8460-4B89-83CE-386C72C37A1E}.Debug|Any CPU.Build.0 = Debug|Any CPU
		{BE7F23B1-8460-4B89-83CE-386C72C37A1E}.Release|Any CPU.ActiveCfg = Release|Any CPU
		{BE7F23B1-8460-4B89-83CE-386C72C37A1E}.Release|Any CPU.Build.0 = Release|Any CPU
		{F8A03204-69D6-4575-A232-96EBC0A2F448}.Debug|Any CPU.ActiveCfg = Debug|Any CPU
		{F8A03204-69D6-4575-A232-96EBC0A2F448}.Debug|Any CPU.Build.0 = Debug|Any CPU
		{F8A03204-69D6-4575-A232-96EBC0A2F448}.Release|Any CPU.ActiveCfg = Release|Any CPU
		{F8A03204-69D6-4575-A232-96EBC0A2F448}.Release|Any CPU.Build.0 = Release|Any CPU
		{1015B951-50FF-4659-BB63-99C8DB40BA97}.Debug|Any CPU.ActiveCfg = Debug|Any CPU
		{1015B951-50FF-4659-BB63-99C8DB40BA97}.Debug|Any CPU.Build.0 = Debug|Any CPU
		{1015B951-50FF-4659-BB63-99C8DB40BA97}.Release|Any CPU.ActiveCfg = Release|Any CPU
		{1015B951-50FF-4659-BB63-99C8DB40BA97}.Release|Any CPU.Build.0 = Release|Any CPU
	EndGlobalSection
	GlobalSection(SolutionProperties) = preSolution
		HideSolutionNode = FALSE
	EndGlobalSection
EndGlobal
